
Microsoft Visual Studio Solution File, Format Version 12.00
# Visual Studio 15
VisualStudioVersion = 15.0.28307.572
MinimumVisualStudioVersion = 10.0.40219.1
Project("{8BC9CEB8-8B4A-11D0-8D11-00A0C91BC942}") = "Apophis", "Apophis\Apophis.vcxproj", "{F57DF769-ED5E-41C5-8202-E6249B7143E1}"
EndProject
Global
	GlobalSection(SolutionConfigurationPlatforms) = preSolution
		Debug|x64 = Debug|x64
		Debug|x86 = Debug|x86
		Release|x64 = Release|x64
		Release|x86 = Release|x86
	EndGlobalSection
	GlobalSection(ProjectConfigurationPlatforms) = postSolution
		{F57DF769-ED5E-41C5-8202-E6249B7143E1}.Debug|x64.ActiveCfg = Debug|x64
		{F57DF769-ED5E-41C5-8202-E6249B7143E1}.Debug|x64.Build.0 = Debug|x64
		{F57DF769-ED5E-41C5-8202-E6249B7143E1}.Debug|x86.ActiveCfg = Debug|Win32
		{F57DF769-ED5E-41C5-8202-E6249B7143E1}.Debug|x86.Build.0 = Debug|Win32
		{F57DF769-ED5E-41C5-8202-E6249B7143E1}.Release|x64.ActiveCfg = Release|x64
		{F57DF769-ED5E-41C5-8202-E6249B7143E1}.Release|x64.Build.0 = Release|x64
		{F57DF769-ED5E-41C5-8202-E6249B7143E1}.Release|x86.ActiveCfg = Release|Win32
		{F57DF769-ED5E-41C5-8202-E6249B7143E1}.Release|x86.Build.0 = Release|Win32
	EndGlobalSection
	GlobalSection(SolutionProperties) = preSolution
		HideSolutionNode = FALSE
	EndGlobalSection
	GlobalSection(ExtensibilityGlobals) = postSolution
		SolutionGuid = {3AE95219-22EA-4165-9C54-D7D2FE815A7D}
	EndGlobalSection
EndGlobal
