<?xml version="1.0" encoding="utf-8"?>
<Project ToolsVersion="4.0" xmlns="http://schemas.microsoft.com/developer/msbuild/2003">
  <ItemGroup>
    <Filter Include="Source Files">
      <UniqueIdentifier>{4FC737F1-C7A5-4376-A066-2A32D752A2FF}</UniqueIdentifier>
      <Extensions>cpp;c;cc;cxx;def;odl;idl;hpj;bat;asm;asmx</Extensions>
    </Filter>
    <Filter Include="Header Files">
      <UniqueIdentifier>{93995380-89BD-4b04-88EB-625FBE52EBFB}</UniqueIdentifier>
      <Extensions>h;hh;hpp;hxx;hm;inl;inc;ipp;xsd</Extensions>
    </Filter>
    <Filter Include="Header Files\Component">
      <UniqueIdentifier>{893c4992-29d0-4f8f-b2ee-437ecf422eda}</UniqueIdentifier>
    </Filter>
    <Filter Include="Header Files\TransferFunction">
      <UniqueIdentifier>{50784135-5a1a-47c4-b3a9-c69581f674de}</UniqueIdentifier>
    </Filter>
    <Filter Include="Source Files\TransferFunction">
      <UniqueIdentifier>{0566a683-347b-47a8-ba05-38f12b6c1aaf}</UniqueIdentifier>
    </Filter>
  </ItemGroup>
  <ItemGroup>
    <ClInclude Include="src\stdafx.h">
      <Filter>Source Files</Filter>
    </ClInclude>
    <ClInclude Include="src\targetver.h">
      <Filter>Source Files</Filter>
    </ClInclude>
    <ClInclude Include="include\apophis\apophis.h">
      <Filter>Header Files</Filter>
    </ClInclude>
    <ClInclude Include="include\apophis\ExampleSet.h">
      <Filter>Header Files</Filter>
    </ClInclude>
    <ClInclude Include="src\Random.h">
      <Filter>Source Files</Filter>
    </ClInclude>
    <ClInclude Include="include\apophis\Component\Node.h">
      <Filter>Header Files\Component</Filter>
    </ClInclude>
    <ClInclude Include="include\apophis\TransferFunction\Relu.h">
      <Filter>Header Files\TransferFunction</Filter>
    </ClInclude>
    <ClInclude Include="include\apophis\TransferFunction\Sigmoid.h">
      <Filter>Header Files\TransferFunction</Filter>
    </ClInclude>
    <ClInclude Include="include\apophis\Component\Layer.h">
      <Filter>Header Files\Component</Filter>
    </ClInclude>
    <ClInclude Include="include\apophis\TransferFunction\ITransferFunction.h">
      <Filter>Header Files\TransferFunction</Filter>
    </ClInclude>
  </ItemGroup>
  <ItemGroup>
    <ClCompile Include="src\stdafx.cpp">
      <Filter>Source Files</Filter>
    </ClCompile>
    <ClCompile Include="src\ExampleSet.cpp">
      <Filter>Source Files</Filter>
    </ClCompile>
    <ClCompile Include="src\Random.cpp">
      <Filter>Source Files</Filter>
    </ClCompile>
    <ClCompile Include="src\TransferFunction\DefaultFunctions.cpp">
      <Filter>Source Files\TransferFunction</Filter>
    </ClCompile>
  </ItemGroup>
</Project>