<?xml version="1.0" encoding="utf-8"?>
<Project ToolsVersion="4.0" xmlns="http://schemas.microsoft.com/developer/msbuild/2003">
  <ItemGroup>
    <Filter Include="Source Files">
      <UniqueIdentifier>{4FC737F1-C7A5-4376-A066-2A32D752A2FF}</UniqueIdentifier>
      <Extensions>cpp;c;cc;cxx;def;odl;idl;hpj;bat;asm;asmx</Extensions>
    </Filter>
    <Filter Include="Tests">
      <UniqueIdentifier>{67DA6AB6-F800-4c08-8B7A-83BB121AAD01}</UniqueIdentifier>
      <Extensions>rc;ico;cur;bmp;dlg;rc2;rct;bin;rgs;gif;jpg;jpeg;jpe;resx;tiff;tif;png;wav;mfcribbon-ms</Extensions>
    </Filter>
    <Filter Include="Tests\TransferFunction">
      <UniqueIdentifier>{f2be1ab8-d0a8-4e98-8fa4-1d1599372185}</UniqueIdentifier>
    </Filter>
    <Filter Include="Tests\Component">
      <UniqueIdentifier>{9b452d69-72af-4f5c-82e0-9a4cdfba16d0}</UniqueIdentifier>
    </Filter>
    <Filter Include="Tests\Data">
      <UniqueIdentifier>{99fc11e3-e364-455e-b26d-0cec5fb16d1f}</UniqueIdentifier>
    </Filter>
    <Filter Include="Tests\Training">
      <UniqueIdentifier>{f4950393-27ff-4aed-a7e0-1ee5064fd8f5}</UniqueIdentifier>
    </Filter>
    <Filter Include="Tests\Training\Algorithms">
      <UniqueIdentifier>{bb40e97e-592f-4112-bb37-3c301091dff2}</UniqueIdentifier>
    </Filter>
    <Filter Include="Tests\Utils">
      <UniqueIdentifier>{1cb029ff-3140-4de6-a706-a13ef1d24c93}</UniqueIdentifier>
    </Filter>
  </ItemGroup>
  <ItemGroup>
    <ClInclude Include="stdafx.h">
      <Filter>Source Files</Filter>
    </ClInclude>
    <ClInclude Include="targetver.h">
      <Filter>Source Files</Filter>
    </ClInclude>
  </ItemGroup>
  <ItemGroup>
    <ClCompile Include="stdafx.cpp">
      <Filter>Source Files</Filter>
    </ClCompile>
    <ClCompile Include="TransferFunction\ReluTests.cpp">
      <Filter>Tests\TransferFunction</Filter>
    </ClCompile>
    <ClCompile Include="ExampleSetTests.cpp">
      <Filter>Tests</Filter>
    </ClCompile>
    <ClCompile Include="Component\NodeTests.cpp">
      <Filter>Tests\Component</Filter>
    </ClCompile>
    <ClCompile Include="TransferFunction\SigmoidTests.cpp">
      <Filter>Tests\TransferFunction</Filter>
    </ClCompile>
    <ClCompile Include="Component\LayerTests.cpp">
      <Filter>Tests\Component</Filter>
    </ClCompile>
    <ClCompile Include="Data\MetricsTests.cpp">
      <Filter>Tests\Data</Filter>
    </ClCompile>
    <ClCompile Include="Training\StoppingConditionTests.cpp">
      <Filter>Tests\Training</Filter>
    </ClCompile>
    <ClCompile Include="Training\Algorithms\BackPropTests.cpp">
      <Filter>Tests\Training\Algorithms</Filter>
    </ClCompile>
    <ClCompile Include="ApophisExceptionTests.cpp">
      <Filter>Tests</Filter>
    </ClCompile>
    <ClCompile Include="TransferFunction\ITransferFunctionTests.cpp">
      <Filter>Tests\TransferFunction</Filter>
    </ClCompile>
    <ClCompile Include="Component\NetworkTests.cpp">
      <Filter>Tests\Component</Filter>
    </ClCompile>
    <ClCompile Include="Utils\JsonExportWriterTests.cpp">
      <Filter>Tests\Utils</Filter>
    </ClCompile>
    <ClCompile Include="Utils\JsonImportReaderTests.cpp">
      <Filter>Tests\Utils</Filter>
    </ClCompile>
    <ClCompile Include="MiscUtils.cpp">
      <Filter>Source Files</Filter>
    </ClCompile>
    <ClCompile Include="ClassifierTests.cpp">
      <Filter>Tests</Filter>
    </ClCompile>
    <ClCompile Include="VectorTests.cpp">
      <Filter>Tests</Filter>
    </ClCompile>
  </ItemGroup>
</Project>